
Microsoft Visual Studio Solution File, Format Version 12.00
# Visual Studio 15
VisualStudioVersion = 15.0.27004.2005
MinimumVisualStudioVersion = 10.0.40219.1
Project("{E53339B2-1760-4266-BCC7-CA923CBCF16C}") = "docker-compose", "docker-compose.dcproj", "{80B75865-E792-4385-A3F0-1C1956A5BDEC}"
EndProject
Project("{2150E333-8FDC-42A3-9474-1A3956D46DE8}") = "test", "test", "{BC994078-83A3-4AE0-B356-60CB0128538E}"
EndProject
Project("{9A19103F-16F7-4668-BE54-9A1E7A4F7556}") = "Ntils.Tester.UnitTest", "test\Ntils.Tester.UnitTest\Ntils.Tester.UnitTest.csproj", "{E46A4532-8262-4F95-810F-DD79B81DB440}"
EndProject
Project("{2150E333-8FDC-42A3-9474-1A3956D46DE8}") = "src", "src", "{932294E5-ED58-461E-8E39-85F2380FAED5}"
EndProject
Project("{9A19103F-16F7-4668-BE54-9A1E7A4F7556}") = "Ntils.Tester", "src\Ntils.Tester\Ntils.Tester.csproj", "{E532E0E9-4D47-4987-B1C7-94F0D57F7AFC}"
EndProject
Global
	GlobalSection(SolutionConfigurationPlatforms) = preSolution
		Debug|Any CPU = Debug|Any CPU
		Release|Any CPU = Release|Any CPU
	EndGlobalSection
	GlobalSection(ProjectConfigurationPlatforms) = postSolution
		{80B75865-E792-4385-A3F0-1C1956A5BDEC}.Debug|Any CPU.ActiveCfg = Debug|Any CPU
		{80B75865-E792-4385-A3F0-1C1956A5BDEC}.Debug|Any CPU.Build.0 = Debug|Any CPU
		{80B75865-E792-4385-A3F0-1C1956A5BDEC}.Release|Any CPU.ActiveCfg = Release|Any CPU
		{80B75865-E792-4385-A3F0-1C1956A5BDEC}.Release|Any CPU.Build.0 = Release|Any CPU
		{E46A4532-8262-4F95-810F-DD79B81DB440}.Debug|Any CPU.ActiveCfg = Debug|Any CPU
		{E46A4532-8262-4F95-810F-DD79B81DB440}.Debug|Any CPU.Build.0 = Debug|Any CPU
		{E46A4532-8262-4F95-810F-DD79B81DB440}.Release|Any CPU.ActiveCfg = Release|Any CPU
		{E46A4532-8262-4F95-810F-DD79B81DB440}.Release|Any CPU.Build.0 = Release|Any CPU
		{E532E0E9-4D47-4987-B1C7-94F0D57F7AFC}.Debug|Any CPU.ActiveCfg = Debug|Any CPU
		{E532E0E9-4D47-4987-B1C7-94F0D57F7AFC}.Debug|Any CPU.Build.0 = Debug|Any CPU
		{E532E0E9-4D47-4987-B1C7-94F0D57F7AFC}.Release|Any CPU.ActiveCfg = Release|Any CPU
		{E532E0E9-4D47-4987-B1C7-94F0D57F7AFC}.Release|Any CPU.Build.0 = Release|Any CPU
	EndGlobalSection
	GlobalSection(SolutionProperties) = preSolution
		HideSolutionNode = FALSE
	EndGlobalSection
	GlobalSection(NestedProjects) = preSolution
		{E46A4532-8262-4F95-810F-DD79B81DB440} = {BC994078-83A3-4AE0-B356-60CB0128538E}
		{E532E0E9-4D47-4987-B1C7-94F0D57F7AFC} = {932294E5-ED58-461E-8E39-85F2380FAED5}
	EndGlobalSection
	GlobalSection(ExtensibilityGlobals) = postSolution
		SolutionGuid = {5612011E-DF0F-4282-A6BB-CC30C6316B0D}
	EndGlobalSection
EndGlobal
